
Microsoft Visual Studio Solution File, Format Version 12.00
# Visual Studio Version 17
VisualStudioVersion = 17.4.33110.190
MinimumVisualStudioVersion = 10.0.40219.1
Project("{FAE04EC0-301F-11D3-BF4B-00C04F79EFBC}") = "PDFManager", "PDFManager\PDFManager.csproj", "{6E9E2EDD-27C2-4961-997F-C636E8294829}"
EndProject
Global
	GlobalSection(SolutionConfigurationPlatforms) = preSolution
		Debug|Any CPU = Debug|Any CPU
		Release|Any CPU = Release|Any CPU
	EndGlobalSection
	GlobalSection(ProjectConfigurationPlatforms) = postSolution
		{6E9E2EDD-27C2-4961-997F-C636E8294829}.Debug|Any CPU.ActiveCfg = Debug|Any CPU
		{6E9E2EDD-27C2-4961-997F-C636E8294829}.Debug|Any CPU.Build.0 = Debug|Any CPU
		{6E9E2EDD-27C2-4961-997F-C636E8294829}.Release|Any CPU.ActiveCfg = Release|Any CPU
		{6E9E2EDD-27C2-4961-997F-C636E8294829}.Release|Any CPU.Build.0 = Release|Any CPU
	EndGlobalSection
	GlobalSection(SolutionProperties) = preSolution
		HideSolutionNode = FALSE
	EndGlobalSection
	GlobalSection(ExtensibilityGlobals) = postSolution
		SolutionGuid = {3BD03674-058F-48CA-92CE-9DB6416E73BC}
	EndGlobalSection
EndGlobal
